
Microsoft Visual Studio Solution File, Format Version 12.00
# Visual Studio Version 17
VisualStudioVersion = 17.11.35219.272
MinimumVisualStudioVersion = 10.0.40219.1
Project("{FAE04EC0-301F-11D3-BF4B-00C04F79EFBC}") = "SpottersCompass", "SpottersCompass.csproj", "{23E1CF63-E9AF-451E-A4AB-E359133648FF}"
EndProject
Global
	GlobalSection(SolutionConfigurationPlatforms) = preSolution
		Debug|Any CPU = Debug|Any CPU
		Release|Any CPU = Release|Any CPU
	EndGlobalSection
	GlobalSection(ProjectConfigurationPlatforms) = postSolution
		{23E1CF63-E9AF-451E-A4AB-E359133648FF}.Debug|Any CPU.ActiveCfg = Debug|Any CPU
		{23E1CF63-E9AF-451E-A4AB-E359133648FF}.Debug|Any CPU.Build.0 = Debug|Any CPU
		{23E1CF63-E9AF-451E-A4AB-E359133648FF}.Release|Any CPU.ActiveCfg = Release|Any CPU
		{23E1CF63-E9AF-451E-A4AB-E359133648FF}.Release|Any CPU.Build.0 = Release|Any CPU
	EndGlobalSection
	GlobalSection(SolutionProperties) = preSolution
		HideSolutionNode = FALSE
	EndGlobalSection
	GlobalSection(ExtensibilityGlobals) = postSolution
		SolutionGuid = {682CB351-C523-4BC4-9E56-AB7D4AEEC337}
	EndGlobalSection
EndGlobal
